
Microsoft Visual Studio Solution File, Format Version 12.00
# Visual Studio 2013
VisualStudioVersion = 12.0.31101.0
MinimumVisualStudioVersion = 10.0.40219.1
Project("{FAE04EC0-301F-11D3-BF4B-00C04F79EFBC}") = "GettextDotNet", "Gettext.NET\GettextDotNet.csproj", "{234E2EC5-FECD-4D94-9265-1ECB593F0A25}"
EndProject
Project("{FAE04EC0-301F-11D3-BF4B-00C04F79EFBC}") = "GettextDotNet.Tests", "Tests\GettextDotNet.Tests.csproj", "{CD646886-2ABD-4BAD-9C92-481CC06A9139}"
EndProject
Project("{FAE04EC0-301F-11D3-BF4B-00C04F79EFBC}") = "GettextDotNet.Tools", "GetextDotNet.Tools\GettextDotNet.Tools.csproj", "{54465166-FF77-4712-B964-CA53F0DAE443}"
EndProject
Project("{FAE04EC0-301F-11D3-BF4B-00C04F79EFBC}") = "GettextDotNet.MessageExtractor", "GettextDotNet.MessageExtractor\GettextDotNet.MessageExtractor.csproj", "{E224E0A9-04B1-4378-BE21-DEBA0384446D}"
EndProject
Project("{FAE04EC0-301F-11D3-BF4B-00C04F79EFBC}") = "SampleMvcApplication", "SampleMvcApplication\SampleMvcApplication.csproj", "{9528A6D2-E355-4D77-87A2-34488F44450D}"
	ProjectSection(ProjectDependencies) = postProject
		{E224E0A9-04B1-4378-BE21-DEBA0384446D} = {E224E0A9-04B1-4378-BE21-DEBA0384446D}
	EndProjectSection
EndProject
Project("{2150E333-8FDC-42A3-9474-1A3956D46DE8}") = ".nuget", ".nuget", "{B8DC883E-B9DF-4092-B880-1ADCF6B5B1B5}"
	ProjectSection(SolutionItems) = preProject
		.nuget\packages.config = .nuget\packages.config
	EndProjectSection
EndProject
Global
	GlobalSection(SolutionConfigurationPlatforms) = preSolution
		Debug|Any CPU = Debug|Any CPU
		Release|Any CPU = Release|Any CPU
	EndGlobalSection
	GlobalSection(ProjectConfigurationPlatforms) = postSolution
		{234E2EC5-FECD-4D94-9265-1ECB593F0A25}.Debug|Any CPU.ActiveCfg = Debug|Any CPU
		{234E2EC5-FECD-4D94-9265-1ECB593F0A25}.Debug|Any CPU.Build.0 = Debug|Any CPU
		{234E2EC5-FECD-4D94-9265-1ECB593F0A25}.Release|Any CPU.ActiveCfg = Release|Any CPU
		{234E2EC5-FECD-4D94-9265-1ECB593F0A25}.Release|Any CPU.Build.0 = Release|Any CPU
		{CD646886-2ABD-4BAD-9C92-481CC06A9139}.Debug|Any CPU.ActiveCfg = Debug|Any CPU
		{CD646886-2ABD-4BAD-9C92-481CC06A9139}.Debug|Any CPU.Build.0 = Debug|Any CPU
		{CD646886-2ABD-4BAD-9C92-481CC06A9139}.Release|Any CPU.ActiveCfg = Release|Any CPU
		{CD646886-2ABD-4BAD-9C92-481CC06A9139}.Release|Any CPU.Build.0 = Release|Any CPU
		{54465166-FF77-4712-B964-CA53F0DAE443}.Debug|Any CPU.ActiveCfg = Debug|Any CPU
		{54465166-FF77-4712-B964-CA53F0DAE443}.Debug|Any CPU.Build.0 = Debug|Any CPU
		{54465166-FF77-4712-B964-CA53F0DAE443}.Release|Any CPU.ActiveCfg = Release|Any CPU
		{54465166-FF77-4712-B964-CA53F0DAE443}.Release|Any CPU.Build.0 = Release|Any CPU
		{E224E0A9-04B1-4378-BE21-DEBA0384446D}.Debug|Any CPU.ActiveCfg = Debug|Any CPU
		{E224E0A9-04B1-4378-BE21-DEBA0384446D}.Debug|Any CPU.Build.0 = Debug|Any CPU
		{E224E0A9-04B1-4378-BE21-DEBA0384446D}.Release|Any CPU.ActiveCfg = Release|Any CPU
		{E224E0A9-04B1-4378-BE21-DEBA0384446D}.Release|Any CPU.Build.0 = Release|Any CPU
		{9528A6D2-E355-4D77-87A2-34488F44450D}.Debug|Any CPU.ActiveCfg = Debug|Any CPU
		{9528A6D2-E355-4D77-87A2-34488F44450D}.Debug|Any CPU.Build.0 = Debug|Any CPU
		{9528A6D2-E355-4D77-87A2-34488F44450D}.Release|Any CPU.ActiveCfg = Release|Any CPU
		{9528A6D2-E355-4D77-87A2-34488F44450D}.Release|Any CPU.Build.0 = Release|Any CPU
	EndGlobalSection
	GlobalSection(SolutionProperties) = preSolution
		HideSolutionNode = FALSE
	EndGlobalSection
EndGlobal
